
Microsoft Visual Studio Solution File, Format Version 12.00
# Visual Studio Version 16
VisualStudioVersion = 16.0.31205.134
MinimumVisualStudioVersion = 10.0.40219.1
Project("{FAE04EC0-301F-11D3-BF4B-00C04F79EFBC}") = "PontoAll", "PontoAll.csproj", "{D207EC42-4B05-4600-931D-9A34FD82301C}"
EndProject
Project("{FAE04EC0-301F-11D3-BF4B-00C04F79EFBC}") = "PontoAll.Facade", "..\PontoAll.Facade\PontoAll.Facade.csproj", "{6C424B2D-A812-4B7A-94CF-970425DD88A2}"
EndProject
Project("{FAE04EC0-301F-11D3-BF4B-00C04F79EFBC}") = "PontoAll.Service", "..\PontoAll.Service\PontoAll.Service.csproj", "{939E236E-19FA-42B0-8264-016F73699018}"
EndProject
Project("{FAE04EC0-301F-11D3-BF4B-00C04F79EFBC}") = "PontoAll.Models", "..\PontoAll.Models\PontoAll.Models.csproj", "{F03F8195-A9B2-4F5C-B674-D4033462061F}"
EndProject
Global
	GlobalSection(SolutionConfigurationPlatforms) = preSolution
		Debug|Any CPU = Debug|Any CPU
		Release|Any CPU = Release|Any CPU
	EndGlobalSection
	GlobalSection(ProjectConfigurationPlatforms) = postSolution
		{D207EC42-4B05-4600-931D-9A34FD82301C}.Debug|Any CPU.ActiveCfg = Debug|Any CPU
		{D207EC42-4B05-4600-931D-9A34FD82301C}.Debug|Any CPU.Build.0 = Debug|Any CPU
		{D207EC42-4B05-4600-931D-9A34FD82301C}.Release|Any CPU.ActiveCfg = Release|Any CPU
		{D207EC42-4B05-4600-931D-9A34FD82301C}.Release|Any CPU.Build.0 = Release|Any CPU
		{6C424B2D-A812-4B7A-94CF-970425DD88A2}.Debug|Any CPU.ActiveCfg = Debug|Any CPU
		{6C424B2D-A812-4B7A-94CF-970425DD88A2}.Debug|Any CPU.Build.0 = Debug|Any CPU
		{6C424B2D-A812-4B7A-94CF-970425DD88A2}.Release|Any CPU.ActiveCfg = Release|Any CPU
		{6C424B2D-A812-4B7A-94CF-970425DD88A2}.Release|Any CPU.Build.0 = Release|Any CPU
		{939E236E-19FA-42B0-8264-016F73699018}.Debug|Any CPU.ActiveCfg = Debug|Any CPU
		{939E236E-19FA-42B0-8264-016F73699018}.Debug|Any CPU.Build.0 = Debug|Any CPU
		{939E236E-19FA-42B0-8264-016F73699018}.Release|Any CPU.ActiveCfg = Release|Any CPU
		{939E236E-19FA-42B0-8264-016F73699018}.Release|Any CPU.Build.0 = Release|Any CPU
		{F03F8195-A9B2-4F5C-B674-D4033462061F}.Debug|Any CPU.ActiveCfg = Debug|Any CPU
		{F03F8195-A9B2-4F5C-B674-D4033462061F}.Debug|Any CPU.Build.0 = Debug|Any CPU
		{F03F8195-A9B2-4F5C-B674-D4033462061F}.Release|Any CPU.ActiveCfg = Release|Any CPU
		{F03F8195-A9B2-4F5C-B674-D4033462061F}.Release|Any CPU.Build.0 = Release|Any CPU
	EndGlobalSection
	GlobalSection(SolutionProperties) = preSolution
		HideSolutionNode = FALSE
	EndGlobalSection
	GlobalSection(ExtensibilityGlobals) = postSolution
		SolutionGuid = {0B774735-3818-4849-BA20-8D608E02829B}
	EndGlobalSection
EndGlobal
